// !$*UTF8*$!
{
	archiveVersion = 1;
	classes = {
	};
	objectVersion = 48;
	objects = {

/* Begin PBXBuildFile section */
		A512A659206616D000056295 /* AppDelegate.m in Sources */ = {isa = PBXBuildFile; fileRef = A512A658206616D000056295 /* AppDelegate.m */; };
		A512A65C206616D000056295 /* ViewController.m in Sources */ = {isa = PBXBuildFile; fileRef = A512A65B206616D000056295 /* ViewController.m */; };
		A512A65F206616D000056295 /* Main.storyboard in Resources */ = {isa = PBXBuildFile; fileRef = A512A65D206616D000056295 /* Main.storyboard */; };
		A512A661206616D000056295 /* Assets.xcassets in Resources */ = {isa = PBXBuildFile; fileRef = A512A660206616D000056295 /* Assets.xcassets */; };
		A512A664206616D000056295 /* LaunchScreen.storyboard in Resources */ = {isa = PBXBuildFile; fileRef = A512A662206616D000056295 /* LaunchScreen.storyboard */; };
		A512A667206616D000056295 /* main.m in Sources */ = {isa = PBXBuildFile; fileRef = A512A666206616D000056295 /* main.m */; };
		A512A67020662EDB00056295 /* TableViewController.m in Sources */ = {isa = PBXBuildFile; fileRef = A512A66E20662EDB00056295 /* TableViewController.m */; };
		A512A67120662EDB00056295 /* TableViewController.xib in Resources */ = {isa = PBXBuildFile; fileRef = A512A66F20662EDB00056295 /* TableViewController.xib */; };
		A512A67720663CDD00056295 /* Open.m in Sources */ = {isa = PBXBuildFile; fileRef = A512A67620663CDD00056295 /* Open.m */; };
		A512A68F20663DD500056295 /* MJProperty.m in Sources */ = {isa = PBXBuildFile; fileRef = A512A67920663DD400056295 /* MJProperty.m */; };
		A512A69020663DD500056295 /* MJExtensionConst.m in Sources */ = {isa = PBXBuildFile; fileRef = A512A67A20663DD400056295 /* MJExtensionConst.m */; };
		A512A69120663DD500056295 /* NSObject+MJClass.m in Sources */ = {isa = PBXBuildFile; fileRef = A512A67B20663DD400056295 /* NSObject+MJClass.m */; };
		A512A69220663DD500056295 /* NSObject+MJProperty.m in Sources */ = {isa = PBXBuildFile; fileRef = A512A67D20663DD400056295 /* NSObject+MJProperty.m */; };
		A512A69320663DD500056295 /* NSString+MJExtension.m in Sources */ = {isa = PBXBuildFile; fileRef = A512A67E20663DD400056295 /* NSString+MJExtension.m */; };
		A512A69420663DD500056295 /* MJPropertyKey.m in Sources */ = {isa = PBXBuildFile; fileRef = A512A68020663DD400056295 /* MJPropertyKey.m */; };
		A512A69520663DD500056295 /* Info.plist in Resources */ = {isa = PBXBuildFile; fileRef = A512A68120663DD400056295 /* Info.plist */; };
		A512A69620663DD500056295 /* NSObject+MJKeyValue.m in Sources */ = {isa = PBXBuildFile; fileRef = A512A68420663DD400056295 /* NSObject+MJKeyValue.m */; };
		A512A69720663DD500056295 /* MJFoundation.m in Sources */ = {isa = PBXBuildFile; fileRef = A512A68820663DD400056295 /* MJFoundation.m */; };
		A512A69820663DD500056295 /* MJPropertyType.m in Sources */ = {isa = PBXBuildFile; fileRef = A512A68B20663DD500056295 /* MJPropertyType.m */; };
		A512A69920663DD500056295 /* NSObject+MJCoding.m in Sources */ = {isa = PBXBuildFile; fileRef = A512A68C20663DD500056295 /* NSObject+MJCoding.m */; };
		A512A69C20663E7100056295 /* DataArray.m in Sources */ = {isa = PBXBuildFile; fileRef = A512A69B20663E7100056295 /* DataArray.m */; };
/* End PBXBuildFile section */

/* Begin PBXFileReference section */
		A512A654206616D000056295 /* Table.app */ = {isa = PBXFileReference; explicitFileType = wrapper.application; includeInIndex = 0; path = Table.app; sourceTree = BUILT_PRODUCTS_DIR; };
		A512A657206616D000056295 /* AppDelegate.h */ = {isa = PBXFileReference; lastKnownFileType = sourcecode.c.h; path = AppDelegate.h; sourceTree = "<group>"; };
		A512A658206616D000056295 /* AppDelegate.m */ = {isa = PBXFileReference; lastKnownFileType = sourcecode.c.objc; path = AppDelegate.m; sourceTree = "<group>"; };
		A512A65A206616D000056295 /* ViewController.h */ = {isa = PBXFileReference; lastKnownFileType = sourcecode.c.h; path = ViewController.h; sourceTree = "<group>"; };
		A512A65B206616D000056295 /* ViewController.m */ = {isa = PBXFileReference; lastKnownFileType = sourcecode.c.objc; path = ViewController.m; sourceTree = "<group>"; };
		A512A65E206616D000056295 /* Base */ = {isa = PBXFileReference; lastKnownFileType = file.storyboard; name = Base; path = Base.lproj/Main.storyboard; sourceTree = "<group>"; };
		A512A660206616D000056295 /* Assets.xcassets */ = {isa = PBXFileReference; lastKnownFileType = folder.assetcatalog; path = Assets.xcassets; sourceTree = "<group>"; };
		A512A663206616D000056295 /* Base */ = {isa = PBXFileReference; lastKnownFileType = file.storyboard; name = Base; path = Base.lproj/LaunchScreen.storyboard; sourceTree = "<group>"; };
		A512A665206616D000056295 /* Info.plist */ = {isa = PBXFileReference; lastKnownFileType = text.plist.xml; path = Info.plist; sourceTree = "<group>"; };
		A512A666206616D000056295 /* main.m */ = {isa = PBXFileReference; lastKnownFileType = sourcecode.c.objc; path = main.m; sourceTree = "<group>"; };
		A512A66D20662EDB00056295 /* TableViewController.h */ = {isa = PBXFileReference; lastKnownFileType = sourcecode.c.h; path = TableViewController.h; sourceTree = "<group>"; };
		A512A66E20662EDB00056295 /* TableViewController.m */ = {isa = PBXFileReference; lastKnownFileType = sourcecode.c.objc; path = TableViewController.m; sourceTree = "<group>"; };
		A512A66F20662EDB00056295 /* TableViewController.xib */ = {isa = PBXFileReference; lastKnownFileType = file.xib; path = TableViewController.xib; sourceTree = "<group>"; };
		A512A67520663CDD00056295 /* Open.h */ = {isa = PBXFileReference; lastKnownFileType = sourcecode.c.h; path = Open.h; sourceTree = "<group>"; };
		A512A67620663CDD00056295 /* Open.m */ = {isa = PBXFileReference; lastKnownFileType = sourcecode.c.objc; path = Open.m; sourceTree = "<group>"; };
		A512A67920663DD400056295 /* MJProperty.m */ = {isa = PBXFileReference; fileEncoding = 4; lastKnownFileType = sourcecode.c.objc; path = MJProperty.m; sourceTree = "<group>"; };
		A512A67A20663DD400056295 /* MJExtensionConst.m */ = {isa = PBXFileReference; fileEncoding = 4; lastKnownFileType = sourcecode.c.objc; path = MJExtensionConst.m; sourceTree = "<group>"; };
		A512A67B20663DD400056295 /* NSObject+MJClass.m */ = {isa = PBXFileReference; fileEncoding = 4; lastKnownFileType = sourcecode.c.objc; path = "NSObject+MJClass.m"; sourceTree = "<group>"; };
		A512A67C20663DD400056295 /* MJPropertyKey.h */ = {isa = PBXFileReference; fileEncoding = 4; lastKnownFileType = sourcecode.c.h; path = MJPropertyKey.h; sourceTree = "<group>"; };
		A512A67D20663DD400056295 /* NSObject+MJProperty.m */ = {isa = PBXFileReference; fileEncoding = 4; lastKnownFileType = sourcecode.c.objc; path = "NSObject+MJProperty.m"; sourceTree = "<group>"; };
		A512A67E20663DD400056295 /* NSString+MJExtension.m */ = {isa = PBXFileReference; fileEncoding = 4; lastKnownFileType = sourcecode.c.objc; path = "NSString+MJExtension.m"; sourceTree = "<group>"; };
		A512A67F20663DD400056295 /* MJProperty.h */ = {isa = PBXFileReference; fileEncoding = 4; lastKnownFileType = sourcecode.c.h; path = MJProperty.h; sourceTree = "<group>"; };
		A512A68020663DD400056295 /* MJPropertyKey.m */ = {isa = PBXFileReference; fileEncoding = 4; lastKnownFileType = sourcecode.c.objc; path = MJPropertyKey.m; sourceTree = "<group>"; };
		A512A68120663DD400056295 /* Info.plist */ = {isa = PBXFileReference; fileEncoding = 4; lastKnownFileType = text.plist.xml; path = Info.plist; sourceTree = "<group>"; };
		A512A68220663DD400056295 /* NSObject+MJClass.h */ = {isa = PBXFileReference; fileEncoding = 4; lastKnownFileType = sourcecode.c.h; path = "NSObject+MJClass.h"; sourceTree = "<group>"; };
		A512A68320663DD400056295 /* NSObject+MJKeyValue.h */ = {isa = PBXFileReference; fileEncoding = 4; lastKnownFileType = sourcecode.c.h; path = "NSObject+MJKeyValue.h"; sourceTree = "<group>"; };
		A512A68420663DD400056295 /* NSObject+MJKeyValue.m */ = {isa = PBXFileReference; fileEncoding = 4; lastKnownFileType = sourcecode.c.objc; path = "NSObject+MJKeyValue.m"; sourceTree = "<group>"; };
		A512A68520663DD400056295 /* NSString+MJExtension.h */ = {isa = PBXFileReference; fileEncoding = 4; lastKnownFileType = sourcecode.c.h; path = "NSString+MJExtension.h"; sourceTree = "<group>"; };
		A512A68620663DD400056295 /* MJFoundation.h */ = {isa = PBXFileReference; fileEncoding = 4; lastKnownFileType = sourcecode.c.h; path = MJFoundation.h; sourceTree = "<group>"; };
		A512A68720663DD400056295 /* MJPropertyType.h */ = {isa = PBXFileReference; fileEncoding = 4; lastKnownFileType = sourcecode.c.h; path = MJPropertyType.h; sourceTree = "<group>"; };
		A512A68820663DD400056295 /* MJFoundation.m */ = {isa = PBXFileReference; fileEncoding = 4; lastKnownFileType = sourcecode.c.objc; path = MJFoundation.m; sourceTree = "<group>"; };
		A512A68920663DD400056295 /* NSObject+MJCoding.h */ = {isa = PBXFileReference; fileEncoding = 4; lastKnownFileType = sourcecode.c.h; path = "NSObject+MJCoding.h"; sourceTree = "<group>"; };
		A512A68A20663DD500056295 /* MJExtensionConst.h */ = {isa = PBXFileReference; fileEncoding = 4; lastKnownFileType = sourcecode.c.h; path = MJExtensionConst.h; sourceTree = "<group>"; };
		A512A68B20663DD500056295 /* MJPropertyType.m */ = {isa = PBXFileReference; fileEncoding = 4; lastKnownFileType = sourcecode.c.objc; path = MJPropertyType.m; sourceTree = "<group>"; };
		A512A68C20663DD500056295 /* NSObject+MJCoding.m */ = {isa = PBXFileReference; fileEncoding = 4; lastKnownFileType = sourcecode.c.objc; path = "NSObject+MJCoding.m"; sourceTree = "<group>"; };
		A512A68D20663DD500056295 /* NSObject+MJProperty.h */ = {isa = PBXFileReference; fileEncoding = 4; lastKnownFileType = sourcecode.c.h; path = "NSObject+MJProperty.h"; sourceTree = "<group>"; };
		A512A68E20663DD500056295 /* MJExtension.h */ = {isa = PBXFileReference; fileEncoding = 4; lastKnownFileType = sourcecode.c.h; path = MJExtension.h; sourceTree = "<group>"; };
		A512A69A20663E7100056295 /* DataArray.h */ = {isa = PBXFileReference; lastKnownFileType = sourcecode.c.h; path = DataArray.h; sourceTree = "<group>"; };
		A512A69B20663E7100056295 /* DataArray.m */ = {isa = PBXFileReference; lastKnownFileType = sourcecode.c.objc; path = DataArray.m; sourceTree = "<group>"; };
/* End PBXFileReference section */

/* Begin PBXFrameworksBuildPhase section */
		A512A651206616D000056295 /* Frameworks */ = {
			isa = PBXFrameworksBuildPhase;
			buildActionMask = 2147483647;
			files = (
			);
			runOnlyForDeploymentPostprocessing = 0;
		};
/* End PBXFrameworksBuildPhase section */

/* Begin PBXGroup section */
		A512A64B206616D000056295 = {
			isa = PBXGroup;
			children = (
				A512A656206616D000056295 /* Table */,
				A512A655206616D000056295 /* Products */,
			);
			sourceTree = "<group>";
		};
		A512A655206616D000056295 /* Products */ = {
			isa = PBXGroup;
			children = (
				A512A654206616D000056295 /* Table.app */,
			);
			name = Products;
			sourceTree = "<group>";
		};
		A512A656206616D000056295 /* Table */ = {
			isa = PBXGroup;
			children = (
				A512A67820663DC100056295 /* MJExtension */,
				A512A67420663CA500056295 /* data */,
				A512A657206616D000056295 /* AppDelegate.h */,
				A512A658206616D000056295 /* AppDelegate.m */,
				A512A65A206616D000056295 /* ViewController.h */,
				A512A65B206616D000056295 /* ViewController.m */,
				A512A65D206616D000056295 /* Main.storyboard */,
				A512A660206616D000056295 /* Assets.xcassets */,
				A512A662206616D000056295 /* LaunchScreen.storyboard */,
				A512A665206616D000056295 /* Info.plist */,
				A512A666206616D000056295 /* main.m */,
				A512A66D20662EDB00056295 /* TableViewController.h */,
				A512A66E20662EDB00056295 /* TableViewController.m */,
				A512A66F20662EDB00056295 /* TableViewController.xib */,
			);
			path = Table;
			sourceTree = "<group>";
		};
		A512A67420663CA500056295 /* data */ = {
			isa = PBXGroup;
			children = (
				A512A67520663CDD00056295 /* Open.h */,
				A512A67620663CDD00056295 /* Open.m */,
				A512A69A20663E7100056295 /* DataArray.h */,
				A512A69B20663E7100056295 /* DataArray.m */,
			);
			path = data;
			sourceTree = "<group>";
		};
		A512A67820663DC100056295 /* MJExtension */ = {
			isa = PBXGroup;
			children = (
				A512A68120663DD400056295 /* Info.plist */,
				A512A68E20663DD500056295 /* MJExtension.h */,
				A512A68A20663DD500056295 /* MJExtensionConst.h */,
				A512A67A20663DD400056295 /* MJExtensionConst.m */,
				A512A68620663DD400056295 /* MJFoundation.h */,
				A512A68820663DD400056295 /* MJFoundation.m */,
				A512A67F20663DD400056295 /* MJProperty.h */,
				A512A67920663DD400056295 /* MJProperty.m */,
				A512A67C20663DD400056295 /* MJPropertyKey.h */,
				A512A68020663DD400056295 /* MJPropertyKey.m */,
				A512A68720663DD400056295 /* MJPropertyType.h */,
				A512A68B20663DD500056295 /* MJPropertyType.m */,
				A512A68220663DD400056295 /* NSObject+MJClass.h */,
				A512A67B20663DD400056295 /* NSObject+MJClass.m */,
				A512A68920663DD400056295 /* NSObject+MJCoding.h */,
				A512A68C20663DD500056295 /* NSObject+MJCoding.m */,
				A512A68320663DD400056295 /* NSObject+MJKeyValue.h */,
				A512A68420663DD400056295 /* NSObject+MJKeyValue.m */,
				A512A68D20663DD500056295 /* NSObject+MJProperty.h */,
				A512A67D20663DD400056295 /* NSObject+MJProperty.m */,
				A512A68520663DD400056295 /* NSString+MJExtension.h */,
				A512A67E20663DD400056295 /* NSString+MJExtension.m */,
			);
			path = MJExtension;
			sourceTree = "<group>";
		};
/* End PBXGroup section */

/* Begin PBXNativeTarget section */
		A512A653206616D000056295 /* Table */ = {
			isa = PBXNativeTarget;
			buildConfigurationList = A512A66A206616D000056295 /* Build configuration list for PBXNativeTarget "Table" */;
			buildPhases = (
				A512A650206616D000056295 /* Sources */,
				A512A651206616D000056295 /* Frameworks */,
				A512A652206616D000056295 /* Resources */,
			);
			buildRules = (
			);
			dependencies = (
			);
			name = Table;
			productName = Table;
			productReference = A512A654206616D000056295 /* Table.app */;
			productType = "com.apple.product-type.application";
		};
/* End PBXNativeTarget section */

/* Begin PBXProject section */
		A512A64C206616D000056295 /* Project object */ = {
			isa = PBXProject;
			attributes = {
				LastUpgradeCheck = 0920;
				ORGANIZATIONNAME = "金贝恩资本";
				TargetAttributes = {
					A512A653206616D000056295 = {
						CreatedOnToolsVersion = 9.2;
						ProvisioningStyle = Automatic;
					};
				};
			};
			buildConfigurationList = A512A64F206616D000056295 /* Build configuration list for PBXProject "Table" */;
			compatibilityVersion = "Xcode 8.0";
			developmentRegion = en;
			hasScannedForEncodings = 0;
			knownRegions = (
				en,
				Base,
			);
			mainGroup = A512A64B206616D000056295;
			productRefGroup = A512A655206616D000056295 /* Products */;
			projectDirPath = "";
			projectRoot = "";
			targets = (
				A512A653206616D000056295 /* Table */,
			);
		};
/* End PBXProject section */

/* Begin PBXResourcesBuildPhase section */
		A512A652206616D000056295 /* Resources */ = {
			isa = PBXResourcesBuildPhase;
			buildActionMask = 2147483647;
			files = (
				A512A664206616D000056295 /* LaunchScreen.storyboard in Resources */,
				A512A661206616D000056295 /* Assets.xcassets in Resources */,
				A512A69520663DD500056295 /* Info.plist in Resources */,
				A512A65F206616D000056295 /* Main.storyboard in Resources */,
				A512A67120662EDB00056295 /* TableViewController.xib in Resources */,
			);
			runOnlyForDeploymentPostprocessing = 0;
		};
/* End PBXResourcesBuildPhase section */

/* Begin PBXSourcesBuildPhase section */
		A512A650206616D000056295 /* Sources */ = {
			isa = PBXSourcesBuildPhase;
			buildActionMask = 2147483647;
			files = (
				A512A67720663CDD00056295 /* Open.m in Sources */,
				A512A69420663DD500056295 /* MJPropertyKey.m in Sources */,
				A512A69220663DD500056295 /* NSObject+MJProperty.m in Sources */,
				A512A68F20663DD500056295 /* MJProperty.m in Sources */,
				A512A69620663DD500056295 /* NSObject+MJKeyValue.m in Sources */,
				A512A69820663DD500056295 /* MJPropertyType.m in Sources */,
				A512A69020663DD500056295 /* MJExtensionConst.m in Sources */,
				A512A65C206616D000056295 /* ViewController.m in Sources */,
				A512A69720663DD500056295 /* MJFoundation.m in Sources */,
				A512A667206616D000056295 /* main.m in Sources */,
				A512A69120663DD500056295 /* NSObject+MJClass.m in Sources */,
				A512A659206616D000056295 /* AppDelegate.m in Sources */,
				A512A69320663DD500056295 /* NSString+MJExtension.m in Sources */,
				A512A67020662EDB00056295 /* TableViewController.m in Sources */,
				A512A69920663DD500056295 /* NSObject+MJCoding.m in Sources */,
				A512A69C20663E7100056295 /* DataArray.m in Sources */,
			);
			runOnlyForDeploymentPostprocessing = 0;
		};
/* End PBXSourcesBuildPhase section */

/* Begin PBXVariantGroup section */
		A512A65D206616D000056295 /* Main.storyboard */ = {
			isa = PBXVariantGroup;
			children = (
				A512A65E206616D000056295 /* Base */,
			);
			name = Main.storyboard;
			sourceTree = "<group>";
		};
		A512A662206616D000056295 /* LaunchScreen.storyboard */ = {
			isa = PBXVariantGroup;
			children = (
				A512A663206616D000056295 /* Base */,
			);
			name = LaunchScreen.storyboard;
			sourceTree = "<group>";
		};
/* End PBXVariantGroup section */

/* Begin XCBuildConfiguration section */
		A512A668206616D000056295 /* Debug */ = {
			isa = XCBuildConfiguration;
			buildSettings = {
				ALWAYS_SEARCH_USER_PATHS = NO;
				CLANG_ANALYZER_NONNULL = YES;
				CLANG_ANALYZER_NUMBER_OBJECT_CONVERSION = YES_AGGRESSIVE;
				CLANG_CXX_LANGUAGE_STANDARD = "gnu++14";
				CLANG_CXX_LIBRARY = "libc++";
				CLANG_ENABLE_MODULES = YES;
				CLANG_ENABLE_OBJC_ARC = YES;
				CLANG_WARN_BLOCK_CAPTURE_AUTORELEASING = YES;
				CLANG_WARN_BOOL_CONVERSION = YES;
				CLANG_WARN_COMMA = YES;
				CLANG_WARN_CONSTANT_CONVERSION = YES;
				CLANG_WARN_DIRECT_OBJC_ISA_USAGE = YES_ERROR;
				CLANG_WARN_DOCUMENTATION_COMMENTS = YES;
				CLANG_WARN_EMPTY_BODY = YES;
				CLANG_WARN_ENUM_CONVERSION = YES;
				CLANG_WARN_INFINITE_RECURSION = YES;
				CLANG_WARN_INT_CONVERSION = YES;
				CLANG_WARN_NON_LITERAL_NULL_CONVERSION = YES;
				CLANG_WARN_OBJC_LITERAL_CONVERSION = YES;
				CLANG_WARN_OBJC_ROOT_CLASS = YES_ERROR;
				CLANG_WARN_RANGE_LOOP_ANALYSIS = YES;
				CLANG_WARN_STRICT_PROTOTYPES = YES;
				CLANG_WARN_SUSPICIOUS_MOVE = YES;
				CLANG_WARN_UNGUARDED_AVAILABILITY = YES_AGGRESSIVE;
				CLANG_WARN_UNREACHABLE_CODE = YES;
				CLANG_WARN__DUPLICATE_METHOD_MATCH = YES;
				CODE_SIGN_IDENTITY = "iPhone Developer";
				COPY_PHASE_STRIP = NO;
				DEBUG_INFORMATION_FORMAT = dwarf;
				ENABLE_STRICT_OBJC_MSGSEND = YES;
				ENABLE_TESTABILITY = YES;
				GCC_C_LANGUAGE_STANDARD = gnu11;
				GCC_DYNAMIC_NO_PIC = NO;
				GCC_NO_COMMON_BLOCKS = YES;
				GCC_OPTIMIZATION_LEVEL = 0;
				GCC_PREPROCESSOR_DEFINITIONS = (
					"DEBUG=1",
					"$(inherited)",
				);
				GCC_WARN_64_TO_32_BIT_CONVERSION = YES;
				GCC_WARN_ABOUT_RETURN_TYPE = YES_ERROR;
				GCC_WARN_UNDECLARED_SELECTOR = YES;
				GCC_WARN_UNINITIALIZED_AUTOS = YES_AGGRESSIVE;
				GCC_WARN_UNUSED_FUNCTION = YES;
				GCC_WARN_UNUSED_VARIABLE = YES;
				IPHONEOS_DEPLOYMENT_TARGET = 11.2;
				MTL_ENABLE_DEBUG_INFO = YES;
				ONLY_ACTIVE_ARCH = YES;
				SDKROOT = iphoneos;
			};
			name = Debug;
		};
		A512A669206616D000056295 /* Release */ = {
			isa = XCBuildConfiguration;
			buildSettings = {
				ALWAYS_SEARCH_USER_PATHS = NO;
				CLANG_ANALYZER_NONNULL = YES;
				CLANG_ANALYZER_NUMBER_OBJECT_CONVERSION = YES_AGGRESSIVE;
				CLANG_CXX_LANGUAGE_STANDARD = "gnu++14";
				CLANG_CXX_LIBRARY = "libc++";
				CLANG_ENABLE_MODULES = YES;
				CLANG_ENABLE_OBJC_ARC = YES;
				CLANG_WARN_BLOCK_CAPTURE_AUTORELEASING = YES;
				CLANG_WARN_BOOL_CONVERSION = YES;
				CLANG_WARN_COMMA = YES;
				CLANG_WARN_CONSTANT_CONVERSION = YES;
				CLANG_WARN_DIRECT_OBJC_ISA_USAGE = YES_ERROR;
				CLANG_WARN_DOCUMENTATION_COMMENTS = YES;
				CLANG_WARN_EMPTY_BODY = YES;
				CLANG_WARN_ENUM_CONVERSION = YES;
				CLANG_WARN_INFINITE_RECURSION = YES;
				CLANG_WARN_INT_CONVERSION = YES;
				CLANG_WARN_NON_LITERAL_NULL_CONVERSION = YES;
				CLANG_WARN_OBJC_LITERAL_CONVERSION = YES;
				CLANG_WARN_OBJC_ROOT_CLASS = YES_ERROR;
				CLANG_WARN_RANGE_LOOP_ANALYSIS = YES;
				CLANG_WARN_STRICT_PROTOTYPES = YES;
				CLANG_WARN_SUSPICIOUS_MOVE = YES;
				CLANG_WARN_UNGUARDED_AVAILABILITY = YES_AGGRESSIVE;
				CLANG_WARN_UNREACHABLE_CODE = YES;
				CLANG_WARN__DUPLICATE_METHOD_MATCH = YES;
				CODE_SIGN_IDENTITY = "iPhone Developer";
				COPY_PHASE_STRIP = NO;
				DEBUG_INFORMATION_FORMAT = "dwarf-with-dsym";
				ENABLE_NS_ASSERTIONS = NO;
				ENABLE_STRICT_OBJC_MSGSEND = YES;
				GCC_C_LANGUAGE_STANDARD = gnu11;
				GCC_NO_COMMON_BLOCKS = YES;
				GCC_WARN_64_TO_32_BIT_CONVERSION = YES;
				GCC_WARN_ABOUT_RETURN_TYPE = YES_ERROR;
				GCC_WARN_UNDECLARED_SELECTOR = YES;
				GCC_WARN_UNINITIALIZED_AUTOS = YES_AGGRESSIVE;
				GCC_WARN_UNUSED_FUNCTION = YES;
				GCC_WARN_UNUSED_VARIABLE = YES;
				IPHONEOS_DEPLOYMENT_TARGET = 11.2;
				MTL_ENABLE_DEBUG_INFO = NO;
				SDKROOT = iphoneos;
				VALIDATE_PRODUCT = YES;
			};
			name = Release;
		};
		A512A66B206616D000056295 /* Debug */ = {
			isa = XCBuildConfiguration;
			buildSettings = {
				ASSETCATALOG_COMPILER_APPICON_NAME = AppIcon;
				"CODE_SIGN_IDENTITY[sdk=iphoneos*]" = "iPhone Developer";
				CODE_SIGN_STYLE = Automatic;
				DEVELOPMENT_TEAM = 72KJ4E296J;
				INFOPLIST_FILE = Table/Info.plist;
				IPHONEOS_DEPLOYMENT_TARGET = 8.0;
				LD_RUNPATH_SEARCH_PATHS = "$(inherited) @executable_path/Frameworks";
				PRODUCT_BUNDLE_IDENTIFIER = com.jbn.Table;
				PRODUCT_NAME = "$(TARGET_NAME)";
				PROVISIONING_PROFILE_SPECIFIER = "";
				TARGETED_DEVICE_FAMILY = "1,2";
			};
			name = Debug;
		};
		A512A66C206616D000056295 /* Release */ = {
			isa = XCBuildConfiguration;
			buildSettings = {
				ASSETCATALOG_COMPILER_APPICON_NAME = AppIcon;
				"CODE_SIGN_IDENTITY[sdk=iphoneos*]" = "iPhone Developer";
				CODE_SIGN_STYLE = Automatic;
				DEVELOPMENT_TEAM = 72KJ4E296J;
				INFOPLIST_FILE = Table/Info.plist;
				IPHONEOS_DEPLOYMENT_TARGET = 8.0;
				LD_RUNPATH_SEARCH_PATHS = "$(inherited) @executable_path/Frameworks";
				PRODUCT_BUNDLE_IDENTIFIER = com.jbn.Table;
				PRODUCT_NAME = "$(TARGET_NAME)";
				PROVISIONING_PROFILE_SPECIFIER = "";
				TARGETED_DEVICE_FAMILY = "1,2";
			};
			name = Release;
		};
/* End XCBuildConfiguration section */

/* Begin XCConfigurationList section */
		A512A64F206616D000056295 /* Build configuration list for PBXProject "Table" */ = {
			isa = XCConfigurationList;
			buildConfigurations = (
				A512A668206616D000056295 /* Debug */,
				A512A669206616D000056295 /* Release */,
			);
			defaultConfigurationIsVisible = 0;
			defaultConfigurationName = Release;
		};
		A512A66A206616D000056295 /* Build configuration list for PBXNativeTarget "Table" */ = {
			isa = XCConfigurationList;
			buildConfigurations = (
				A512A66B206616D000056295 /* Debug */,
				A512A66C206616D000056295 /* Release */,
			);
			defaultConfigurationIsVisible = 0;
			defaultConfigurationName = Release;
		};
/* End XCConfigurationList section */
	};
	rootObject = A512A64C206616D000056295 /* Project object */;
}
